
Microsoft Visual Studio Solution File, Format Version 12.00
# Visual Studio Version 17
VisualStudioVersion = 17.3.32901.215
MinimumVisualStudioVersion = 10.0.40219.1
Project("{FAE04EC0-301F-11D3-BF4B-00C04F79EFBC}") = "Dominio", "Dominio\Dominio.csproj", "{921A2253-4E55-424F-9C1A-B0F1F2B08615}"
EndProject
Project("{FAE04EC0-301F-11D3-BF4B-00C04F79EFBC}") = "accesoDatos", "accesoDatos\accesoDatos.csproj", "{2FFDC92A-D63C-4578-8A25-74CBAAA56D21}"
EndProject
Project("{FAE04EC0-301F-11D3-BF4B-00C04F79EFBC}") = "Presentacion", "Presentacion\Presentacion.csproj", "{2997E3F2-B668-41A3-89BB-9506A2638C17}"
EndProject
Global
	GlobalSection(SolutionConfigurationPlatforms) = preSolution
		Debug|Any CPU = Debug|Any CPU
		Release|Any CPU = Release|Any CPU
	EndGlobalSection
	GlobalSection(ProjectConfigurationPlatforms) = postSolution
		{921A2253-4E55-424F-9C1A-B0F1F2B08615}.Debug|Any CPU.ActiveCfg = Debug|Any CPU
		{921A2253-4E55-424F-9C1A-B0F1F2B08615}.Debug|Any CPU.Build.0 = Debug|Any CPU
		{921A2253-4E55-424F-9C1A-B0F1F2B08615}.Release|Any CPU.ActiveCfg = Release|Any CPU
		{921A2253-4E55-424F-9C1A-B0F1F2B08615}.Release|Any CPU.Build.0 = Release|Any CPU
		{2FFDC92A-D63C-4578-8A25-74CBAAA56D21}.Debug|Any CPU.ActiveCfg = Debug|Any CPU
		{2FFDC92A-D63C-4578-8A25-74CBAAA56D21}.Debug|Any CPU.Build.0 = Debug|Any CPU
		{2FFDC92A-D63C-4578-8A25-74CBAAA56D21}.Release|Any CPU.ActiveCfg = Release|Any CPU
		{2FFDC92A-D63C-4578-8A25-74CBAAA56D21}.Release|Any CPU.Build.0 = Release|Any CPU
		{2997E3F2-B668-41A3-89BB-9506A2638C17}.Debug|Any CPU.ActiveCfg = Debug|Any CPU
		{2997E3F2-B668-41A3-89BB-9506A2638C17}.Debug|Any CPU.Build.0 = Debug|Any CPU
		{2997E3F2-B668-41A3-89BB-9506A2638C17}.Release|Any CPU.ActiveCfg = Release|Any CPU
		{2997E3F2-B668-41A3-89BB-9506A2638C17}.Release|Any CPU.Build.0 = Release|Any CPU
	EndGlobalSection
	GlobalSection(SolutionProperties) = preSolution
		HideSolutionNode = FALSE
	EndGlobalSection
	GlobalSection(ExtensibilityGlobals) = postSolution
		SolutionGuid = {B63ADCCA-4898-4BF2-A4F5-B1CA7CA78F01}
	EndGlobalSection
EndGlobal
